// !$*UTF8*$!
{
	archiveVersion = 1;
	classes = {
	};
	objectVersion = 46;
	objects = {

/* Begin PBXBuildFile section */
		15097A6E1C8B2E43007D471D /* main.cpp in Sources */ = {isa = PBXBuildFile; fileRef = 15097A6D1C8B2E43007D471D /* main.cpp */; };
		15097A751C8B2E96007D471D /* Word.cpp in Sources */ = {isa = PBXBuildFile; fileRef = 15097A741C8B2E96007D471D /* Word.cpp */; };
/* End PBXBuildFile section */

/* Begin PBXCopyFilesBuildPhase section */
		15097A681C8B2E43007D471D /* CopyFiles */ = {
			isa = PBXCopyFilesBuildPhase;
			buildActionMask = 2147483647;
			dstPath = /usr/share/man/man1/;
			dstSubfolderSpec = 0;
			files = (
			);
			runOnlyForDeploymentPostprocessing = 1;
		};
/* End PBXCopyFilesBuildPhase section */

/* Begin PBXFileReference section */
		15097A6A1C8B2E43007D471D /* WordsFrequency */ = {isa = PBXFileReference; explicitFileType = "compiled.mach-o.executable"; includeInIndex = 0; path = WordsFrequency; sourceTree = BUILT_PRODUCTS_DIR; };
		15097A6D1C8B2E43007D471D /* main.cpp */ = {isa = PBXFileReference; lastKnownFileType = sourcecode.cpp.cpp; path = main.cpp; sourceTree = "<group>"; };
		15097A741C8B2E96007D471D /* Word.cpp */ = {isa = PBXFileReference; fileEncoding = 4; lastKnownFileType = sourcecode.cpp.cpp; path = Word.cpp; sourceTree = "<group>"; };
		15097A761C8B2EB3007D471D /* Word.h */ = {isa = PBXFileReference; fileEncoding = 4; lastKnownFileType = sourcecode.c.h; path = Word.h; sourceTree = "<group>"; };
		15FC5A6C1C8B3B2E0045E3E1 /* word.txt */ = {isa = PBXFileReference; fileEncoding = 4; lastKnownFileType = text; path = word.txt; sourceTree = "<group>"; };
/* End PBXFileReference section */

/* Begin PBXFrameworksBuildPhase section */
		15097A671C8B2E43007D471D /* Frameworks */ = {
			isa = PBXFrameworksBuildPhase;
			buildActionMask = 2147483647;
			files = (
			);
			runOnlyForDeploymentPostprocessing = 0;
		};
/* End PBXFrameworksBuildPhase section */

/* Begin PBXGroup section */
		15097A611C8B2E43007D471D = {
			isa = PBXGroup;
			children = (
				15097A6C1C8B2E43007D471D /* WordsFrequency */,
				15097A6B1C8B2E43007D471D /* Products */,
			);
			sourceTree = "<group>";
		};
		15097A6B1C8B2E43007D471D /* Products */ = {
			isa = PBXGroup;
			children = (
				15097A6A1C8B2E43007D471D /* WordsFrequency */,
			);
			name = Products;
			sourceTree = "<group>";
		};
		15097A6C1C8B2E43007D471D /* WordsFrequency */ = {
			isa = PBXGroup;
			children = (
				15FC5A6C1C8B3B2E0045E3E1 /* word.txt */,
				15097A6D1C8B2E43007D471D /* main.cpp */,
				15097A741C8B2E96007D471D /* Word.cpp */,
				15097A761C8B2EB3007D471D /* Word.h */,
			);
			path = WordsFrequency;
			sourceTree = "<group>";
		};
/* End PBXGroup section */

/* Begin PBXNativeTarget section */
		15097A691C8B2E43007D471D /* WordsFrequency */ = {
			isa = PBXNativeTarget;
			buildConfigurationList = 15097A711C8B2E43007D471D /* Build configuration list for PBXNativeTarget "WordsFrequency" */;
			buildPhases = (
				15097A661C8B2E43007D471D /* Sources */,
				15097A671C8B2E43007D471D /* Frameworks */,
				15097A681C8B2E43007D471D /* CopyFiles */,
			);
			buildRules = (
			);
			dependencies = (
			);
			name = WordsFrequency;
			productName = WordsFrequency;
			productReference = 15097A6A1C8B2E43007D471D /* WordsFrequency */;
			productType = "com.apple.product-type.tool";
		};
/* End PBXNativeTarget section */

/* Begin PBXProject section */
		15097A621C8B2E43007D471D /* Project object */ = {
			isa = PBXProject;
			attributes = {
				LastUpgradeCheck = 0640;
				ORGANIZATIONNAME = "Eric Wang";
				TargetAttributes = {
					15097A691C8B2E43007D471D = {
						CreatedOnToolsVersion = 6.4;
					};
				};
			};
			buildConfigurationList = 15097A651C8B2E43007D471D /* Build configuration list for PBXProject "WordsFrequency" */;
			compatibilityVersion = "Xcode 3.2";
			developmentRegion = English;
			hasScannedForEncodings = 0;
			knownRegions = (
				en,
			);
			mainGroup = 15097A611C8B2E43007D471D;
			productRefGroup = 15097A6B1C8B2E43007D471D /* Products */;
			projectDirPath = "";
			projectRoot = "";
			targets = (
				15097A691C8B2E43007D471D /* WordsFrequency */,
			);
		};
/* End PBXProject section */

/* Begin PBXSourcesBuildPhase section */
		15097A661C8B2E43007D471D /* Sources */ = {
			isa = PBXSourcesBuildPhase;
			buildActionMask = 2147483647;
			files = (
				15097A6E1C8B2E43007D471D /* main.cpp in Sources */,
				15097A751C8B2E96007D471D /* Word.cpp in Sources */,
			);
			runOnlyForDeploymentPostprocessing = 0;
		};
/* End PBXSourcesBuildPhase section */

/* Begin XCBuildConfiguration section */
		15097A6F1C8B2E43007D471D /* Debug */ = {
			isa = XCBuildConfiguration;
			buildSettings = {
				ALWAYS_SEARCH_USER_PATHS = NO;
				CLANG_CXX_LANGUAGE_STANDARD = "gnu++0x";
				CLANG_CXX_LIBRARY = "libc++";
				CLANG_ENABLE_MODULES = YES;
				CLANG_ENABLE_OBJC_ARC = YES;
				CLANG_WARN_BOOL_CONVERSION = YES;
				CLANG_WARN_CONSTANT_CONVERSION = YES;
				CLANG_WARN_DIRECT_OBJC_ISA_USAGE = YES_ERROR;
				CLANG_WARN_EMPTY_BODY = YES;
				CLANG_WARN_ENUM_CONVERSION = YES;
				CLANG_WARN_INT_CONVERSION = YES;
				CLANG_WARN_OBJC_ROOT_CLASS = YES_ERROR;
				CLANG_WARN_UNREACHABLE_CODE = YES;
				CLANG_WARN__DUPLICATE_METHOD_MATCH = YES;
				COPY_PHASE_STRIP = NO;
				DEBUG_INFORMATION_FORMAT = dwarf;
				ENABLE_STRICT_OBJC_MSGSEND = YES;
				GCC_C_LANGUAGE_STANDARD = gnu99;
				GCC_DYNAMIC_NO_PIC = NO;
				GCC_NO_COMMON_BLOCKS = YES;
				GCC_OPTIMIZATION_LEVEL = 0;
				GCC_PREPROCESSOR_DEFINITIONS = (
					"DEBUG=1",
					"$(inherited)",
				);
				GCC_SYMBOLS_PRIVATE_EXTERN = NO;
				GCC_WARN_64_TO_32_BIT_CONVERSION = YES;
				GCC_WARN_ABOUT_RETURN_TYPE = YES_ERROR;
				GCC_WARN_UNDECLARED_SELECTOR = YES;
				GCC_WARN_UNINITIALIZED_AUTOS = YES_AGGRESSIVE;
				GCC_WARN_UNUSED_FUNCTION = YES;
				GCC_WARN_UNUSED_VARIABLE = YES;
				MACOSX_DEPLOYMENT_TARGET = 10.11;
				MTL_ENABLE_DEBUG_INFO = YES;
				ONLY_ACTIVE_ARCH = YES;
				SDKROOT = macosx;
			};
			name = Debug;
		};
		15097A701C8B2E43007D471D /* Release */ = {
			isa = XCBuildConfiguration;
			buildSettings = {
				ALWAYS_SEARCH_USER_PATHS = NO;
				CLANG_CXX_LANGUAGE_STANDARD = "gnu++0x";
				CLANG_CXX_LIBRARY = "libc++";
				CLANG_ENABLE_MODULES = YES;
				CLANG_ENABLE_OBJC_ARC = YES;
				CLANG_WARN_BOOL_CONVERSION = YES;
				CLANG_WARN_CONSTANT_CONVERSION = YES;
				CLANG_WARN_DIRECT_OBJC_ISA_USAGE = YES_ERROR;
				CLANG_WARN_EMPTY_BODY = YES;
				CLANG_WARN_ENUM_CONVERSION = YES;
				CLANG_WARN_INT_CONVERSION = YES;
				CLANG_WARN_OBJC_ROOT_CLASS = YES_ERROR;
				CLANG_WARN_UNREACHABLE_CODE = YES;
				CLANG_WARN__DUPLICATE_METHOD_MATCH = YES;
				COPY_PHASE_STRIP = NO;
				DEBUG_INFORMATION_FORMAT = "dwarf-with-dsym";
				ENABLE_NS_ASSERTIONS = NO;
				ENABLE_STRICT_OBJC_MSGSEND = YES;
				GCC_C_LANGUAGE_STANDARD = gnu99;
				GCC_NO_COMMON_BLOCKS = YES;
				GCC_WARN_64_TO_32_BIT_CONVERSION = YES;
				GCC_WARN_ABOUT_RETURN_TYPE = YES_ERROR;
				GCC_WARN_UNDECLARED_SELECTOR = YES;
				GCC_WARN_UNINITIALIZED_AUTOS = YES_AGGRESSIVE;
				GCC_WARN_UNUSED_FUNCTION = YES;
				GCC_WARN_UNUSED_VARIABLE = YES;
				MACOSX_DEPLOYMENT_TARGET = 10.11;
				MTL_ENABLE_DEBUG_INFO = NO;
				SDKROOT = macosx;
			};
			name = Release;
		};
		15097A721C8B2E43007D471D /* Debug */ = {
			isa = XCBuildConfiguration;
			buildSettings = {
				PRODUCT_NAME = "$(TARGET_NAME)";
			};
			name = Debug;
		};
		15097A731C8B2E43007D471D /* Release */ = {
			isa = XCBuildConfiguration;
			buildSettings = {
				PRODUCT_NAME = "$(TARGET_NAME)";
			};
			name = Release;
		};
/* End XCBuildConfiguration section */

/* Begin XCConfigurationList section */
		15097A651C8B2E43007D471D /* Build configuration list for PBXProject "WordsFrequency" */ = {
			isa = XCConfigurationList;
			buildConfigurations = (
				15097A6F1C8B2E43007D471D /* Debug */,
				15097A701C8B2E43007D471D /* Release */,
			);
			defaultConfigurationIsVisible = 0;
			defaultConfigurationName = Release;
		};
		15097A711C8B2E43007D471D /* Build configuration list for PBXNativeTarget "WordsFrequency" */ = {
			isa = XCConfigurationList;
			buildConfigurations = (
				15097A721C8B2E43007D471D /* Debug */,
				15097A731C8B2E43007D471D /* Release */,
			);
			defaultConfigurationIsVisible = 0;
			defaultConfigurationName = Release;
		};
/* End XCConfigurationList section */
	};
	rootObject = 15097A621C8B2E43007D471D /* Project object */;
}
